
Microsoft Visual Studio Solution File, Format Version 12.00
# Visual Studio Version 17
VisualStudioVersion = 17.0.31903.59
MinimumVisualStudioVersion = 10.0.40219.1
Project("{2150E333-8FDC-42A3-9474-1A3956D46DE8}") = "tests", "tests", "{0AB3BF05-4346-4AA6-1389-037BE0695223}"
EndProject
Project("{FAE04EC0-301F-11D3-BF4B-00C04F79EFBC}") = "Puluj.Processing.Tests", "tests\Puluj.Processing.Tests\Puluj.Processing.Tests.csproj", "{F2FCCF03-DC0B-45A2-B3AE-FB1E71266A7E}"
EndProject
Project("{FAE04EC0-301F-11D3-BF4B-00C04F79EFBC}") = "Puluj.Integration.Tests", "tests\Puluj.Integration.Tests\Puluj.Integration.Tests.csproj", "{E65D8595-9579-44FC-B406-CD687D71DE80}"
EndProject
Project("{2150E333-8FDC-42A3-9474-1A3956D46DE8}") = "src", "src", "{827E0CD3-B72D-47B6-A68D-7590B98EB39B}"
EndProject
Project("{FAE04EC0-301F-11D3-BF4B-00C04F79EFBC}") = "Puluj.Admin", "src\Puluj.Admin\Puluj.Admin.csproj", "{D9D4FC68-E545-4787-B64A-FACBC94BA2B7}"
EndProject
Project("{FAE04EC0-301F-11D3-BF4B-00C04F79EFBC}") = "Puluj.Api", "src\Puluj.Api\Puluj.Api.csproj", "{CFD697B9-BEEB-4E5D-9762-5F296BBD727C}"
EndProject
Project("{FAE04EC0-301F-11D3-BF4B-00C04F79EFBC}") = "Puluj.Infrastructure", "src\Puluj.Infrastructure\Puluj.Infrastructure.csproj", "{094640A4-B750-471A-ADF2-9E7571AEE504}"
EndProject
Project("{FAE04EC0-301F-11D3-BF4B-00C04F79EFBC}") = "Puluj.Domain", "src\Puluj.Domain\Puluj.Domain.csproj", "{D6FB0A8E-3719-4B68-B7B1-28117CD96D51}"
EndProject
Project("{FAE04EC0-301F-11D3-BF4B-00C04F79EFBC}") = "Puluj.Contracts", "src\Puluj.Contracts\Puluj.Contracts.csproj", "{C714E3A0-2F9E-4C1F-A0DF-2C372C634A1D}"
EndProject
Project("{FAE04EC0-301F-11D3-BF4B-00C04F79EFBC}") = "Puluj.Collectors", "src\Puluj.Collectors\Puluj.Collectors.csproj", "{60A1C64E-49D0-4B14-BE24-D2CCBC31864B}"
EndProject
Project("{FAE04EC0-301F-11D3-BF4B-00C04F79EFBC}") = "Puluj.Api.Tests", "tests\Puluj.Api.Tests\Puluj.Api.Tests.csproj", "{D324D26C-B853-43EA-85BC-78D144E0D42E}"
EndProject
Project("{FAE04EC0-301F-11D3-BF4B-00C04F79EFBC}") = "Puluj.Analytics", "src\Puluj.Analytics\Puluj.Analytics.csproj", "{5FF034A1-88F0-4A33-9BAF-7B26D8CD1835}"
EndProject
Project("{FAE04EC0-301F-11D3-BF4B-00C04F79EFBC}") = "Puluj.Analytics.Worker", "src\Puluj.Analytics.Worker\Puluj.Analytics.Worker.csproj", "{EF0C9B59-ABE2-4B58-A379-70827DEEF855}"
EndProject
Project("{FAE04EC0-301F-11D3-BF4B-00C04F79EFBC}") = "Puluj.Analytics.Tests", "tests\Puluj.Analytics.Tests\Puluj.Analytics.Tests.csproj", "{0FD41D0F-94C6-4CBC-AB21-78402B9B787D}"
EndProject
Project("{FAE04EC0-301F-11D3-BF4B-00C04F79EFBC}") = "Puluj.Admin.Tests", "tests\Puluj.Admin.Tests\Puluj.Admin.Tests.csproj", "{AE174C52-F06D-4C81-A5FF-815998D4B93E}"
EndProject
Project("{FAE04EC0-301F-11D3-BF4B-00C04F79EFBC}") = "Puluj.Messaging.Contracts.Tests", "tests\Puluj.Messaging.Contracts.Tests\Puluj.Messaging.Contracts.Tests.csproj", "{90981B3F-F8DB-4E44-8E26-1FB3F94EB5C0}"
EndProject
Project("{FAE04EC0-301F-11D3-BF4B-00C04F79EFBC}") = "Puluj.Transport.Spike.Tests", "tests\Puluj.Transport.Spike.Tests\Puluj.Transport.Spike.Tests.csproj", "{1327B6C6-3BDD-465D-A0E2-046740081147}"
EndProject
Project("{FAE04EC0-301F-11D3-BF4B-00C04F79EFBC}") = "Puluj.Messaging", "src\Puluj.Messaging\Puluj.Messaging.csproj", "{336D4330-8275-45A5-95FE-BC9554AEDE09}"
EndProject
Project("{FAE04EC0-301F-11D3-BF4B-00C04F79EFBC}") = "Puluj.Messaging.Tests", "tests\Puluj.Messaging.Tests\Puluj.Messaging.Tests.csproj", "{987D7DE9-DD1E-4FB9-8B23-9DA0E4B09C7E}"
EndProject
Global
	GlobalSection(SolutionConfigurationPlatforms) = preSolution
		Debug|Any CPU = Debug|Any CPU
		Debug|x64 = Debug|x64
		Debug|x86 = Debug|x86
		Release|Any CPU = Release|Any CPU
		Release|x64 = Release|x64
		Release|x86 = Release|x86
	EndGlobalSection
	GlobalSection(ProjectConfigurationPlatforms) = postSolution
		{F2FCCF03-DC0B-45A2-B3AE-FB1E71266A7E}.Debug|Any CPU.ActiveCfg = Debug|Any CPU
		{F2FCCF03-DC0B-45A2-B3AE-FB1E71266A7E}.Debug|Any CPU.Build.0 = Debug|Any CPU
		{F2FCCF03-DC0B-45A2-B3AE-FB1E71266A7E}.Debug|x64.ActiveCfg = Debug|Any CPU
		{F2FCCF03-DC0B-45A2-B3AE-FB1E71266A7E}.Debug|x64.Build.0 = Debug|Any CPU
		{F2FCCF03-DC0B-45A2-B3AE-FB1E71266A7E}.Debug|x86.ActiveCfg = Debug|Any CPU
		{F2FCCF03-DC0B-45A2-B3AE-FB1E71266A7E}.Debug|x86.Build.0 = Debug|Any CPU
		{F2FCCF03-DC0B-45A2-B3AE-FB1E71266A7E}.Release|Any CPU.ActiveCfg = Release|Any CPU
		{F2FCCF03-DC0B-45A2-B3AE-FB1E71266A7E}.Release|Any CPU.Build.0 = Release|Any CPU
		{F2FCCF03-DC0B-45A2-B3AE-FB1E71266A7E}.Release|x64.ActiveCfg = Release|Any CPU
		{F2FCCF03-DC0B-45A2-B3AE-FB1E71266A7E}.Release|x64.Build.0 = Release|Any CPU
		{F2FCCF03-DC0B-45A2-B3AE-FB1E71266A7E}.Release|x86.ActiveCfg = Release|Any CPU
		{F2FCCF03-DC0B-45A2-B3AE-FB1E71266A7E}.Release|x86.Build.0 = Release|Any CPU
		{E65D8595-9579-44FC-B406-CD687D71DE80}.Debug|Any CPU.ActiveCfg = Debug|Any CPU
		{E65D8595-9579-44FC-B406-CD687D71DE80}.Debug|Any CPU.Build.0 = Debug|Any CPU
		{E65D8595-9579-44FC-B406-CD687D71DE80}.Debug|x64.ActiveCfg = Debug|Any CPU
		{E65D8595-9579-44FC-B406-CD687D71DE80}.Debug|x64.Build.0 = Debug|Any CPU
		{E65D8595-9579-44FC-B406-CD687D71DE80}.Debug|x86.ActiveCfg = Debug|Any CPU
		{E65D8595-9579-44FC-B406-CD687D71DE80}.Debug|x86.Build.0 = Debug|Any CPU
		{E65D8595-9579-44FC-B406-CD687D71DE80}.Release|Any CPU.ActiveCfg = Release|Any CPU
		{E65D8595-9579-44FC-B406-CD687D71DE80}.Release|Any CPU.Build.0 = Release|Any CPU
		{E65D8595-9579-44FC-B406-CD687D71DE80}.Release|x64.ActiveCfg = Release|Any CPU
		{E65D8595-9579-44FC-B406-CD687D71DE80}.Release|x64.Build.0 = Release|Any CPU
		{E65D8595-9579-44FC-B406-CD687D71DE80}.Release|x86.ActiveCfg = Release|Any CPU
		{E65D8595-9579-44FC-B406-CD687D71DE80}.Release|x86.Build.0 = Release|Any CPU
		{D9D4FC68-E545-4787-B64A-FACBC94BA2B7}.Debug|Any CPU.ActiveCfg = Debug|Any CPU
		{D9D4FC68-E545-4787-B64A-FACBC94BA2B7}.Debug|Any CPU.Build.0 = Debug|Any CPU
		{D9D4FC68-E545-4787-B64A-FACBC94BA2B7}.Debug|x64.ActiveCfg = Debug|Any CPU
		{D9D4FC68-E545-4787-B64A-FACBC94BA2B7}.Debug|x64.Build.0 = Debug|Any CPU
		{D9D4FC68-E545-4787-B64A-FACBC94BA2B7}.Debug|x86.ActiveCfg = Debug|Any CPU
		{D9D4FC68-E545-4787-B64A-FACBC94BA2B7}.Debug|x86.Build.0 = Debug|Any CPU
		{D9D4FC68-E545-4787-B64A-FACBC94BA2B7}.Release|Any CPU.ActiveCfg = Release|Any CPU
		{D9D4FC68-E545-4787-B64A-FACBC94BA2B7}.Release|Any CPU.Build.0 = Release|Any CPU
		{D9D4FC68-E545-4787-B64A-FACBC94BA2B7}.Release|x64.ActiveCfg = Release|Any CPU
		{D9D4FC68-E545-4787-B64A-FACBC94BA2B7}.Release|x64.Build.0 = Release|Any CPU
		{D9D4FC68-E545-4787-B64A-FACBC94BA2B7}.Release|x86.ActiveCfg = Release|Any CPU
		{D9D4FC68-E545-4787-B64A-FACBC94BA2B7}.Release|x86.Build.0 = Release|Any CPU
		{CFD697B9-BEEB-4E5D-9762-5F296BBD727C}.Debug|Any CPU.ActiveCfg = Debug|Any CPU
		{CFD697B9-BEEB-4E5D-9762-5F296BBD727C}.Debug|Any CPU.Build.0 = Debug|Any CPU
		{CFD697B9-BEEB-4E5D-9762-5F296BBD727C}.Debug|x64.ActiveCfg = Debug|Any CPU
		{CFD697B9-BEEB-4E5D-9762-5F296BBD727C}.Debug|x64.Build.0 = Debug|Any CPU
		{CFD697B9-BEEB-4E5D-9762-5F296BBD727C}.Debug|x86.ActiveCfg = Debug|Any CPU
		{CFD697B9-BEEB-4E5D-9762-5F296BBD727C}.Debug|x86.Build.0 = Debug|Any CPU
		{CFD697B9-BEEB-4E5D-9762-5F296BBD727C}.Release|Any CPU.ActiveCfg = Release|Any CPU
		{CFD697B9-BEEB-4E5D-9762-5F296BBD727C}.Release|Any CPU.Build.0 = Release|Any CPU
		{CFD697B9-BEEB-4E5D-9762-5F296BBD727C}.Release|x64.ActiveCfg = Release|Any CPU
		{CFD697B9-BEEB-4E5D-9762-5F296BBD727C}.Release|x64.Build.0 = Release|Any CPU
		{CFD697B9-BEEB-4E5D-9762-5F296BBD727C}.Release|x86.ActiveCfg = Release|Any CPU
		{CFD697B9-BEEB-4E5D-9762-5F296BBD727C}.Release|x86.Build.0 = Release|Any CPU
		{094640A4-B750-471A-ADF2-9E7571AEE504}.Debug|Any CPU.ActiveCfg = Debug|Any CPU
		{094640A4-B750-471A-ADF2-9E7571AEE504}.Debug|Any CPU.Build.0 = Debug|Any CPU
		{094640A4-B750-471A-ADF2-9E7571AEE504}.Debug|x64.ActiveCfg = Debug|Any CPU
		{094640A4-B750-471A-ADF2-9E7571AEE504}.Debug|x64.Build.0 = Debug|Any CPU
		{094640A4-B750-471A-ADF2-9E7571AEE504}.Debug|x86.ActiveCfg = Debug|Any CPU
		{094640A4-B750-471A-ADF2-9E7571AEE504}.Debug|x86.Build.0 = Debug|Any CPU
		{094640A4-B750-471A-ADF2-9E7571AEE504}.Release|Any CPU.ActiveCfg = Release|Any CPU
		{094640A4-B750-471A-ADF2-9E7571AEE504}.Release|Any CPU.Build.0 = Release|Any CPU
		{094640A4-B750-471A-ADF2-9E7571AEE504}.Release|x64.ActiveCfg = Release|Any CPU
		{094640A4-B750-471A-ADF2-9E7571AEE504}.Release|x64.Build.0 = Release|Any CPU
		{094640A4-B750-471A-ADF2-9E7571AEE504}.Release|x86.ActiveCfg = Release|Any CPU
		{094640A4-B750-471A-ADF2-9E7571AEE504}.Release|x86.Build.0 = Release|Any CPU
		{D6FB0A8E-3719-4B68-B7B1-28117CD96D51}.Debug|Any CPU.ActiveCfg = Debug|Any CPU
		{D6FB0A8E-3719-4B68-B7B1-28117CD96D51}.Debug|Any CPU.Build.0 = Debug|Any CPU
		{D6FB0A8E-3719-4B68-B7B1-28117CD96D51}.Debug|x64.ActiveCfg = Debug|Any CPU
		{D6FB0A8E-3719-4B68-B7B1-28117CD96D51}.Debug|x64.Build.0 = Debug|Any CPU
		{D6FB0A8E-3719-4B68-B7B1-28117CD96D51}.Debug|x86.ActiveCfg = Debug|Any CPU
		{D6FB0A8E-3719-4B68-B7B1-28117CD96D51}.Debug|x86.Build.0 = Debug|Any CPU
		{D6FB0A8E-3719-4B68-B7B1-28117CD96D51}.Release|Any CPU.ActiveCfg = Release|Any CPU
		{D6FB0A8E-3719-4B68-B7B1-28117CD96D51}.Release|Any CPU.Build.0 = Release|Any CPU
		{D6FB0A8E-3719-4B68-B7B1-28117CD96D51}.Release|x64.ActiveCfg = Release|Any CPU
		{D6FB0A8E-3719-4B68-B7B1-28117CD96D51}.Release|x64.Build.0 = Release|Any CPU
		{D6FB0A8E-3719-4B68-B7B1-28117CD96D51}.Release|x86.ActiveCfg = Release|Any CPU
		{D6FB0A8E-3719-4B68-B7B1-28117CD96D51}.Release|x86.Build.0 = Release|Any CPU
		{C714E3A0-2F9E-4C1F-A0DF-2C372C634A1D}.Debug|Any CPU.ActiveCfg = Debug|Any CPU
		{C714E3A0-2F9E-4C1F-A0DF-2C372C634A1D}.Debug|Any CPU.Build.0 = Debug|Any CPU
		{C714E3A0-2F9E-4C1F-A0DF-2C372C634A1D}.Debug|x64.ActiveCfg = Debug|Any CPU
		{C714E3A0-2F9E-4C1F-A0DF-2C372C634A1D}.Debug|x64.Build.0 = Debug|Any CPU
		{C714E3A0-2F9E-4C1F-A0DF-2C372C634A1D}.Debug|x86.ActiveCfg = Debug|Any CPU
		{C714E3A0-2F9E-4C1F-A0DF-2C372C634A1D}.Debug|x86.Build.0 = Debug|Any CPU
		{C714E3A0-2F9E-4C1F-A0DF-2C372C634A1D}.Release|Any CPU.ActiveCfg = Release|Any CPU
		{C714E3A0-2F9E-4C1F-A0DF-2C372C634A1D}.Release|Any CPU.Build.0 = Release|Any CPU
		{C714E3A0-2F9E-4C1F-A0DF-2C372C634A1D}.Release|x64.ActiveCfg = Release|Any CPU
		{C714E3A0-2F9E-4C1F-A0DF-2C372C634A1D}.Release|x64.Build.0 = Release|Any CPU
		{C714E3A0-2F9E-4C1F-A0DF-2C372C634A1D}.Release|x86.ActiveCfg = Release|Any CPU
		{C714E3A0-2F9E-4C1F-A0DF-2C372C634A1D}.Release|x86.Build.0 = Release|Any CPU
		{60A1C64E-49D0-4B14-BE24-D2CCBC31864B}.Debug|Any CPU.ActiveCfg = Debug|Any CPU
		{60A1C64E-49D0-4B14-BE24-D2CCBC31864B}.Debug|Any CPU.Build.0 = Debug|Any CPU
		{60A1C64E-49D0-4B14-BE24-D2CCBC31864B}.Debug|x64.ActiveCfg = Debug|Any CPU
		{60A1C64E-49D0-4B14-BE24-D2CCBC31864B}.Debug|x64.Build.0 = Debug|Any CPU
		{60A1C64E-49D0-4B14-BE24-D2CCBC31864B}.Debug|x86.ActiveCfg = Debug|Any CPU
		{60A1C64E-49D0-4B14-BE24-D2CCBC31864B}.Debug|x86.Build.0 = Debug|Any CPU
		{60A1C64E-49D0-4B14-BE24-D2CCBC31864B}.Release|Any CPU.ActiveCfg = Release|Any CPU
		{60A1C64E-49D0-4B14-BE24-D2CCBC31864B}.Release|Any CPU.Build.0 = Release|Any CPU
		{60A1C64E-49D0-4B14-BE24-D2CCBC31864B}.Release|x64.ActiveCfg = Release|Any CPU
		{60A1C64E-49D0-4B14-BE24-D2CCBC31864B}.Release|x64.Build.0 = Release|Any CPU
		{60A1C64E-49D0-4B14-BE24-D2CCBC31864B}.Release|x86.ActiveCfg = Release|Any CPU
		{60A1C64E-49D0-4B14-BE24-D2CCBC31864B}.Release|x86.Build.0 = Release|Any CPU
		{D324D26C-B853-43EA-85BC-78D144E0D42E}.Debug|Any CPU.ActiveCfg = Debug|Any CPU
		{D324D26C-B853-43EA-85BC-78D144E0D42E}.Debug|Any CPU.Build.0 = Debug|Any CPU
		{D324D26C-B853-43EA-85BC-78D144E0D42E}.Debug|x64.ActiveCfg = Debug|Any CPU
		{D324D26C-B853-43EA-85BC-78D144E0D42E}.Debug|x64.Build.0 = Debug|Any CPU
		{D324D26C-B853-43EA-85BC-78D144E0D42E}.Debug|x86.ActiveCfg = Debug|Any CPU
		{D324D26C-B853-43EA-85BC-78D144E0D42E}.Debug|x86.Build.0 = Debug|Any CPU
		{D324D26C-B853-43EA-85BC-78D144E0D42E}.Release|Any CPU.ActiveCfg = Release|Any CPU
		{D324D26C-B853-43EA-85BC-78D144E0D42E}.Release|Any CPU.Build.0 = Release|Any CPU
		{D324D26C-B853-43EA-85BC-78D144E0D42E}.Release|x64.ActiveCfg = Release|Any CPU
		{D324D26C-B853-43EA-85BC-78D144E0D42E}.Release|x64.Build.0 = Release|Any CPU
		{D324D26C-B853-43EA-85BC-78D144E0D42E}.Release|x86.ActiveCfg = Release|Any CPU
		{D324D26C-B853-43EA-85BC-78D144E0D42E}.Release|x86.Build.0 = Release|Any CPU
		{5FF034A1-88F0-4A33-9BAF-7B26D8CD1835}.Debug|Any CPU.ActiveCfg = Debug|Any CPU
		{5FF034A1-88F0-4A33-9BAF-7B26D8CD1835}.Debug|Any CPU.Build.0 = Debug|Any CPU
		{5FF034A1-88F0-4A33-9BAF-7B26D8CD1835}.Debug|x64.ActiveCfg = Debug|Any CPU
		{5FF034A1-88F0-4A33-9BAF-7B26D8CD1835}.Debug|x64.Build.0 = Debug|Any CPU
		{5FF034A1-88F0-4A33-9BAF-7B26D8CD1835}.Debug|x86.ActiveCfg = Debug|Any CPU
		{5FF034A1-88F0-4A33-9BAF-7B26D8CD1835}.Debug|x86.Build.0 = Debug|Any CPU
		{5FF034A1-88F0-4A33-9BAF-7B26D8CD1835}.Release|Any CPU.ActiveCfg = Release|Any CPU
		{5FF034A1-88F0-4A33-9BAF-7B26D8CD1835}.Release|Any CPU.Build.0 = Release|Any CPU
		{5FF034A1-88F0-4A33-9BAF-7B26D8CD1835}.Release|x64.ActiveCfg = Release|Any CPU
		{5FF034A1-88F0-4A33-9BAF-7B26D8CD1835}.Release|x64.Build.0 = Release|Any CPU
		{5FF034A1-88F0-4A33-9BAF-7B26D8CD1835}.Release|x86.ActiveCfg = Release|Any CPU
		{5FF034A1-88F0-4A33-9BAF-7B26D8CD1835}.Release|x86.Build.0 = Release|Any CPU
		{EF0C9B59-ABE2-4B58-A379-70827DEEF855}.Debug|Any CPU.ActiveCfg = Debug|Any CPU
		{EF0C9B59-ABE2-4B58-A379-70827DEEF855}.Debug|Any CPU.Build.0 = Debug|Any CPU
		{EF0C9B59-ABE2-4B58-A379-70827DEEF855}.Debug|x64.ActiveCfg = Debug|Any CPU
		{EF0C9B59-ABE2-4B58-A379-70827DEEF855}.Debug|x64.Build.0 = Debug|Any CPU
		{EF0C9B59-ABE2-4B58-A379-70827DEEF855}.Debug|x86.ActiveCfg = Debug|Any CPU
		{EF0C9B59-ABE2-4B58-A379-70827DEEF855}.Debug|x86.Build.0 = Debug|Any CPU
		{EF0C9B59-ABE2-4B58-A379-70827DEEF855}.Release|Any CPU.ActiveCfg = Release|Any CPU
		{EF0C9B59-ABE2-4B58-A379-70827DEEF855}.Release|Any CPU.Build.0 = Release|Any CPU
		{EF0C9B59-ABE2-4B58-A379-70827DEEF855}.Release|x64.ActiveCfg = Release|Any CPU
		{EF0C9B59-ABE2-4B58-A379-70827DEEF855}.Release|x64.Build.0 = Release|Any CPU
		{EF0C9B59-ABE2-4B58-A379-70827DEEF855}.Release|x86.ActiveCfg = Release|Any CPU
		{EF0C9B59-ABE2-4B58-A379-70827DEEF855}.Release|x86.Build.0 = Release|Any CPU
		{0FD41D0F-94C6-4CBC-AB21-78402B9B787D}.Debug|Any CPU.ActiveCfg = Debug|Any CPU
		{0FD41D0F-94C6-4CBC-AB21-78402B9B787D}.Debug|Any CPU.Build.0 = Debug|Any CPU
		{0FD41D0F-94C6-4CBC-AB21-78402B9B787D}.Debug|x64.ActiveCfg = Debug|Any CPU
		{0FD41D0F-94C6-4CBC-AB21-78402B9B787D}.Debug|x64.Build.0 = Debug|Any CPU
		{0FD41D0F-94C6-4CBC-AB21-78402B9B787D}.Debug|x86.ActiveCfg = Debug|Any CPU
		{0FD41D0F-94C6-4CBC-AB21-78402B9B787D}.Debug|x86.Build.0 = Debug|Any CPU
		{0FD41D0F-94C6-4CBC-AB21-78402B9B787D}.Release|Any CPU.ActiveCfg = Release|Any CPU
		{0FD41D0F-94C6-4CBC-AB21-78402B9B787D}.Release|Any CPU.Build.0 = Release|Any CPU
		{0FD41D0F-94C6-4CBC-AB21-78402B9B787D}.Release|x64.ActiveCfg = Release|Any CPU
		{0FD41D0F-94C6-4CBC-AB21-78402B9B787D}.Release|x64.Build.0 = Release|Any CPU
		{0FD41D0F-94C6-4CBC-AB21-78402B9B787D}.Release|x86.ActiveCfg = Release|Any CPU
		{0FD41D0F-94C6-4CBC-AB21-78402B9B787D}.Release|x86.Build.0 = Release|Any CPU
		{AE174C52-F06D-4C81-A5FF-815998D4B93E}.Debug|Any CPU.ActiveCfg = Debug|Any CPU
		{AE174C52-F06D-4C81-A5FF-815998D4B93E}.Debug|Any CPU.Build.0 = Debug|Any CPU
		{AE174C52-F06D-4C81-A5FF-815998D4B93E}.Debug|x64.ActiveCfg = Debug|Any CPU
		{AE174C52-F06D-4C81-A5FF-815998D4B93E}.Debug|x64.Build.0 = Debug|Any CPU
		{AE174C52-F06D-4C81-A5FF-815998D4B93E}.Debug|x86.ActiveCfg = Debug|Any CPU
		{AE174C52-F06D-4C81-A5FF-815998D4B93E}.Debug|x86.Build.0 = Debug|Any CPU
		{AE174C52-F06D-4C81-A5FF-815998D4B93E}.Release|Any CPU.ActiveCfg = Release|Any CPU
		{AE174C52-F06D-4C81-A5FF-815998D4B93E}.Release|Any CPU.Build.0 = Release|Any CPU
		{AE174C52-F06D-4C81-A5FF-815998D4B93E}.Release|x64.ActiveCfg = Release|Any CPU
		{AE174C52-F06D-4C81-A5FF-815998D4B93E}.Release|x64.Build.0 = Release|Any CPU
		{AE174C52-F06D-4C81-A5FF-815998D4B93E}.Release|x86.ActiveCfg = Release|Any CPU
		{AE174C52-F06D-4C81-A5FF-815998D4B93E}.Release|x86.Build.0 = Release|Any CPU
		{90981B3F-F8DB-4E44-8E26-1FB3F94EB5C0}.Debug|Any CPU.ActiveCfg = Debug|Any CPU
		{90981B3F-F8DB-4E44-8E26-1FB3F94EB5C0}.Debug|Any CPU.Build.0 = Debug|Any CPU
		{90981B3F-F8DB-4E44-8E26-1FB3F94EB5C0}.Debug|x64.ActiveCfg = Debug|Any CPU
		{90981B3F-F8DB-4E44-8E26-1FB3F94EB5C0}.Debug|x64.Build.0 = Debug|Any CPU
		{90981B3F-F8DB-4E44-8E26-1FB3F94EB5C0}.Debug|x86.ActiveCfg = Debug|Any CPU
		{90981B3F-F8DB-4E44-8E26-1FB3F94EB5C0}.Debug|x86.Build.0 = Debug|Any CPU
		{90981B3F-F8DB-4E44-8E26-1FB3F94EB5C0}.Release|Any CPU.ActiveCfg = Release|Any CPU
		{90981B3F-F8DB-4E44-8E26-1FB3F94EB5C0}.Release|Any CPU.Build.0 = Release|Any CPU
		{90981B3F-F8DB-4E44-8E26-1FB3F94EB5C0}.Release|x64.ActiveCfg = Release|Any CPU
		{90981B3F-F8DB-4E44-8E26-1FB3F94EB5C0}.Release|x64.Build.0 = Release|Any CPU
		{90981B3F-F8DB-4E44-8E26-1FB3F94EB5C0}.Release|x86.ActiveCfg = Release|Any CPU
		{90981B3F-F8DB-4E44-8E26-1FB3F94EB5C0}.Release|x86.Build.0 = Release|Any CPU
		{1327B6C6-3BDD-465D-A0E2-046740081147}.Debug|Any CPU.ActiveCfg = Debug|Any CPU
		{1327B6C6-3BDD-465D-A0E2-046740081147}.Debug|Any CPU.Build.0 = Debug|Any CPU
		{1327B6C6-3BDD-465D-A0E2-046740081147}.Debug|x64.ActiveCfg = Debug|Any CPU
		{1327B6C6-3BDD-465D-A0E2-046740081147}.Debug|x64.Build.0 = Debug|Any CPU
		{1327B6C6-3BDD-465D-A0E2-046740081147}.Debug|x86.ActiveCfg = Debug|Any CPU
		{1327B6C6-3BDD-465D-A0E2-046740081147}.Debug|x86.Build.0 = Debug|Any CPU
		{1327B6C6-3BDD-465D-A0E2-046740081147}.Release|Any CPU.ActiveCfg = Release|Any CPU
		{1327B6C6-3BDD-465D-A0E2-046740081147}.Release|Any CPU.Build.0 = Release|Any CPU
		{1327B6C6-3BDD-465D-A0E2-046740081147}.Release|x64.ActiveCfg = Release|Any CPU
		{1327B6C6-3BDD-465D-A0E2-046740081147}.Release|x64.Build.0 = Release|Any CPU
		{1327B6C6-3BDD-465D-A0E2-046740081147}.Release|x86.ActiveCfg = Release|Any CPU
		{1327B6C6-3BDD-465D-A0E2-046740081147}.Release|x86.Build.0 = Release|Any CPU
		{336D4330-8275-45A5-95FE-BC9554AEDE09}.Debug|Any CPU.ActiveCfg = Debug|Any CPU
		{336D4330-8275-45A5-95FE-BC9554AEDE09}.Debug|Any CPU.Build.0 = Debug|Any CPU
		{336D4330-8275-45A5-95FE-BC9554AEDE09}.Debug|x64.ActiveCfg = Debug|Any CPU
		{336D4330-8275-45A5-95FE-BC9554AEDE09}.Debug|x64.Build.0 = Debug|Any CPU
		{336D4330-8275-45A5-95FE-BC9554AEDE09}.Debug|x86.ActiveCfg = Debug|Any CPU
		{336D4330-8275-45A5-95FE-BC9554AEDE09}.Debug|x86.Build.0 = Debug|Any CPU
		{336D4330-8275-45A5-95FE-BC9554AEDE09}.Release|Any CPU.ActiveCfg = Release|Any CPU
		{336D4330-8275-45A5-95FE-BC9554AEDE09}.Release|Any CPU.Build.0 = Release|Any CPU
		{336D4330-8275-45A5-95FE-BC9554AEDE09}.Release|x64.ActiveCfg = Release|Any CPU
		{336D4330-8275-45A5-95FE-BC9554AEDE09}.Release|x64.Build.0 = Release|Any CPU
		{336D4330-8275-45A5-95FE-BC9554AEDE09}.Release|x86.ActiveCfg = Release|Any CPU
		{336D4330-8275-45A5-95FE-BC9554AEDE09}.Release|x86.Build.0 = Release|Any CPU
		{987D7DE9-DD1E-4FB9-8B23-9DA0E4B09C7E}.Debug|Any CPU.ActiveCfg = Debug|Any CPU
		{987D7DE9-DD1E-4FB9-8B23-9DA0E4B09C7E}.Debug|Any CPU.Build.0 = Debug|Any CPU
		{987D7DE9-DD1E-4FB9-8B23-9DA0E4B09C7E}.Debug|x64.ActiveCfg = Debug|Any CPU
		{987D7DE9-DD1E-4FB9-8B23-9DA0E4B09C7E}.Debug|x64.Build.0 = Debug|Any CPU
		{987D7DE9-DD1E-4FB9-8B23-9DA0E4B09C7E}.Debug|x86.ActiveCfg = Debug|Any CPU
		{987D7DE9-DD1E-4FB9-8B23-9DA0E4B09C7E}.Debug|x86.Build.0 = Debug|Any CPU
		{987D7DE9-DD1E-4FB9-8B23-9DA0E4B09C7E}.Release|Any CPU.ActiveCfg = Release|Any CPU
		{987D7DE9-DD1E-4FB9-8B23-9DA0E4B09C7E}.Release|Any CPU.Build.0 = Release|Any CPU
		{987D7DE9-DD1E-4FB9-8B23-9DA0E4B09C7E}.Release|x64.ActiveCfg = Release|Any CPU
		{987D7DE9-DD1E-4FB9-8B23-9DA0E4B09C7E}.Release|x64.Build.0 = Release|Any CPU
		{987D7DE9-DD1E-4FB9-8B23-9DA0E4B09C7E}.Release|x86.ActiveCfg = Release|Any CPU
		{987D7DE9-DD1E-4FB9-8B23-9DA0E4B09C7E}.Release|x86.Build.0 = Release|Any CPU
	EndGlobalSection
	GlobalSection(SolutionProperties) = preSolution
		HideSolutionNode = FALSE
	EndGlobalSection
	GlobalSection(NestedProjects) = preSolution
		{F2FCCF03-DC0B-45A2-B3AE-FB1E71266A7E} = {0AB3BF05-4346-4AA6-1389-037BE0695223}
		{E65D8595-9579-44FC-B406-CD687D71DE80} = {0AB3BF05-4346-4AA6-1389-037BE0695223}
		{D9D4FC68-E545-4787-B64A-FACBC94BA2B7} = {827E0CD3-B72D-47B6-A68D-7590B98EB39B}
		{CFD697B9-BEEB-4E5D-9762-5F296BBD727C} = {827E0CD3-B72D-47B6-A68D-7590B98EB39B}
		{094640A4-B750-471A-ADF2-9E7571AEE504} = {827E0CD3-B72D-47B6-A68D-7590B98EB39B}
		{D6FB0A8E-3719-4B68-B7B1-28117CD96D51} = {827E0CD3-B72D-47B6-A68D-7590B98EB39B}
		{C714E3A0-2F9E-4C1F-A0DF-2C372C634A1D} = {827E0CD3-B72D-47B6-A68D-7590B98EB39B}
		{60A1C64E-49D0-4B14-BE24-D2CCBC31864B} = {827E0CD3-B72D-47B6-A68D-7590B98EB39B}
		{D324D26C-B853-43EA-85BC-78D144E0D42E} = {0AB3BF05-4346-4AA6-1389-037BE0695223}
		{5FF034A1-88F0-4A33-9BAF-7B26D8CD1835} = {827E0CD3-B72D-47B6-A68D-7590B98EB39B}
		{EF0C9B59-ABE2-4B58-A379-70827DEEF855} = {827E0CD3-B72D-47B6-A68D-7590B98EB39B}
		{0FD41D0F-94C6-4CBC-AB21-78402B9B787D} = {0AB3BF05-4346-4AA6-1389-037BE0695223}
		{AE174C52-F06D-4C81-A5FF-815998D4B93E} = {0AB3BF05-4346-4AA6-1389-037BE0695223}
		{90981B3F-F8DB-4E44-8E26-1FB3F94EB5C0} = {0AB3BF05-4346-4AA6-1389-037BE0695223}
		{1327B6C6-3BDD-465D-A0E2-046740081147} = {0AB3BF05-4346-4AA6-1389-037BE0695223}
		{336D4330-8275-45A5-95FE-BC9554AEDE09} = {827E0CD3-B72D-47B6-A68D-7590B98EB39B}
		{987D7DE9-DD1E-4FB9-8B23-9DA0E4B09C7E} = {0AB3BF05-4346-4AA6-1389-037BE0695223}
	EndGlobalSection
EndGlobal
